{
  "name": "sharristh-family-budget",
  "lockfileVersion": 3,
  "requires": true,
  "packages": {
    "": {
      "name": "sharristh-family-budget",
      "devDependencies": {
        "@playwright/test": "^1.57.0",
        "@types/node": "^25.0.3",
        "prettier": "^3.4.2",
        "turbo": "^2.3.3"
      },
      "engines": {
        "node": ">=20"
      }
    },
    "node_modules/.pnpm/prettier@3.7.4/node_modules/prettier": {
      "version": "3.7.4",
      "dev": true,
      "license": "MIT",
      "bin": {
        "prettier": "bin/prettier.cjs"
      },
      "engines": {
        "node": ">=14"
      },
      "funding": {
        "url": "https://github.com/prettier/prettier?sponsor=1"
      }
    },
    "node_modules/.pnpm/turbo@2.7.2/node_modules/turbo": {
      "version": "2.7.2",
      "dev": true,
      "license": "MIT",
      "bin": {
        "turbo": "bin/turbo"
      },
      "optionalDependencies": {
        "turbo-darwin-64": "2.7.2",
        "turbo-darwin-arm64": "2.7.2",
        "turbo-linux-64": "2.7.2",
        "turbo-linux-arm64": "2.7.2",
        "turbo-windows-64": "2.7.2",
        "turbo-windows-arm64": "2.7.2"
      }
    },
    "node_modules/@playwright/test": {
      "version": "1.57.0",
      "resolved": "https://registry.npmjs.org/@playwright/test/-/test-1.57.0.tgz",
      "integrity": "sha512-6TyEnHgd6SArQO8UO2OMTxshln3QMWBtPGrOCgs3wVEmQmwyuNtB10IZMfmYDE0riwNR1cu4q+pPcxMVtaG3TA==",
      "dev": true,
      "license": "Apache-2.0",
      "dependencies": {
        "playwright": "1.57.0"
      },
      "bin": {
        "playwright": "cli.js"
      },
      "engines": {
        "node": ">=18"
      }
    },
    "node_modules/@types/node": {
      "version": "25.0.3",
      "resolved": "https://registry.npmjs.org/@types/node/-/node-25.0.3.tgz",
      "integrity": "sha512-W609buLVRVmeW693xKfzHeIV6nJGGz98uCPfeXI1ELMLXVeKYZ9m15fAMSaUPBHYLGFsVRcMmSCksQOrZV9BYA==",
      "dev": true,
      "license": "MIT",
      "dependencies": {
        "undici-types": "~7.16.0"
      }
    },
    "node_modules/fsevents": {
      "version": "2.3.2",
      "resolved": "https://registry.npmjs.org/fsevents/-/fsevents-2.3.2.tgz",
      "integrity": "sha512-xiqMQR4xAeHTuB9uWm+fFRcIOgKBMiOBP+eXiyT7jsgVCq1bkVygt00oASowB7EdtpOHaaPgKt812P9ab+DDKA==",
      "dev": true,
      "hasInstallScript": true,
      "license": "MIT",
      "optional": true,
      "os": [
        "darwin"
      ],
      "engines": {
        "node": "^8.16.0 || ^10.6.0 || >=11.0.0"
      }
    },
    "node_modules/playwright": {
      "version": "1.57.0",
      "resolved": "https://registry.npmjs.org/playwright/-/playwright-1.57.0.tgz",
      "integrity": "sha512-ilYQj1s8sr2ppEJ2YVadYBN0Mb3mdo9J0wQ+UuDhzYqURwSoW4n1Xs5vs7ORwgDGmyEh33tRMeS8KhdkMoLXQw==",
      "dev": true,
      "license": "Apache-2.0",
      "dependencies": {
        "playwright-core": "1.57.0"
      },
      "bin": {
        "playwright": "cli.js"
      },
      "engines": {
        "node": ">=18"
      },
      "optionalDependencies": {
        "fsevents": "2.3.2"
      }
    },
    "node_modules/playwright-core": {
      "version": "1.57.0",
      "resolved": "https://registry.npmjs.org/playwright-core/-/playwright-core-1.57.0.tgz",
      "integrity": "sha512-agTcKlMw/mjBWOnD6kFZttAAGHgi/Nw0CZ2o6JqWSbMlI219lAFLZZCyqByTsvVAJq5XA5H8cA6PrvBRpBWEuQ==",
      "dev": true,
      "license": "Apache-2.0",
      "bin": {
        "playwright-core": "cli.js"
      },
      "engines": {
        "node": ">=18"
      }
    },
    "node_modules/prettier": {
      "resolved": "node_modules/.pnpm/prettier@3.7.4/node_modules/prettier",
      "link": true
    },
    "node_modules/turbo": {
      "resolved": "node_modules/.pnpm/turbo@2.7.2/node_modules/turbo",
      "link": true
    },
    "node_modules/turbo-darwin-64": {
      "version": "2.7.2",
      "resolved": "https://registry.npmjs.org/turbo-darwin-64/-/turbo-darwin-64-2.7.2.tgz",
      "integrity": "sha512-dxY3X6ezcT5vm3coK6VGixbrhplbQMwgNsCsvZamS/+/6JiebqW9DKt4NwpgYXhDY2HdH00I7FWs3wkVuan4rA==",
      "cpu": [
        "x64"
      ],
      "dev": true,
      "license": "MIT",
      "optional": true,
      "os": [
        "darwin"
      ]
    },
    "node_modules/turbo-darwin-arm64": {
      "version": "2.7.2",
      "resolved": "https://registry.npmjs.org/turbo-darwin-arm64/-/turbo-darwin-arm64-2.7.2.tgz",
      "integrity": "sha512-1bXmuwPLqNFt3mzrtYcVx1sdJ8UYb124Bf48nIgcpMCGZy3kDhgxNv1503kmuK/37OGOZbsWSQFU4I08feIuSg==",
      "cpu": [
        "arm64"
      ],
      "dev": true,
      "license": "MIT",
      "optional": true,
      "os": [
        "darwin"
      ]
    },
    "node_modules/turbo-linux-64": {
      "version": "2.7.2",
      "resolved": "https://registry.npmjs.org/turbo-linux-64/-/turbo-linux-64-2.7.2.tgz",
      "integrity": "sha512-kP+TiiMaiPugbRlv57VGLfcjFNsFbo8H64wMBCPV2270Or2TpDCBULMzZrvEsvWFjT3pBFvToYbdp8/Kw0jAQg==",
      "cpu": [
        "x64"
      ],
      "dev": true,
      "license": "MIT",
      "optional": true,
      "os": [
        "linux"
      ]
    },
    "node_modules/turbo-linux-arm64": {
      "version": "2.7.2",
      "resolved": "https://registry.npmjs.org/turbo-linux-arm64/-/turbo-linux-arm64-2.7.2.tgz",
      "integrity": "sha512-VDJwQ0+8zjAfbyY6boNaWfP6RIez4ypKHxwkuB6SrWbOSk+vxTyW5/hEjytTwK8w/TsbKVcMDyvpora8tEsRFw==",
      "cpu": [
        "arm64"
      ],
      "dev": true,
      "license": "MIT",
      "optional": true,
      "os": [
        "linux"
      ]
    },
    "node_modules/turbo-windows-64": {
      "version": "2.7.2",
      "resolved": "https://registry.npmjs.org/turbo-windows-64/-/turbo-windows-64-2.7.2.tgz",
      "integrity": "sha512-rPjqQXVnI6A6oxgzNEE8DNb6Vdj2Wwyhfv3oDc+YM3U9P7CAcBIlKv/868mKl4vsBtz4ouWpTQNXG8vljgJO+w==",
      "cpu": [
        "x64"
      ],
      "dev": true,
      "license": "MIT",
      "optional": true,
      "os": [
        "win32"
      ]
    },
    "node_modules/turbo-windows-arm64": {
      "version": "2.7.2",
      "resolved": "https://registry.npmjs.org/turbo-windows-arm64/-/turbo-windows-arm64-2.7.2.tgz",
      "integrity": "sha512-tcnHvBhO515OheIFWdxA+qUvZzNqqcHbLVFc1+n+TJ1rrp8prYicQtbtmsiKgMvr/54jb9jOabU62URAobnB7g==",
      "cpu": [
        "arm64"
      ],
      "dev": true,
      "license": "MIT",
      "optional": true,
      "os": [
        "win32"
      ]
    },
    "node_modules/undici-types": {
      "version": "7.16.0",
      "resolved": "https://registry.npmjs.org/undici-types/-/undici-types-7.16.0.tgz",
      "integrity": "sha512-Zz+aZWSj8LE6zoxD+xrjh4VfkIG8Ya6LvYkZqtUQGJPZjYl53ypCaUwWqo7eI0x66KBGeRo+mlBEkMSeSZ38Nw==",
      "dev": true,
      "license": "MIT"
    }
  }
}
